
Microsoft Visual Studio Solution File, Format Version 12.00
# Visual Studio Version 17
VisualStudioVersion = 17.1.32228.430
MinimumVisualStudioVersion = 10.0.40219.1
Project("{9A19103F-16F7-4668-BE54-9A1E7A4F7556}") = "Patika", "Patika\Patika.csproj", "{6A76A2AC-6321-423F-A246-ADABCB644CB8}"
EndProject
Project("{9A19103F-16F7-4668-BE54-9A1E7A4F7556}") = "Operators", "Operators\Operators.csproj", "{C207AEC5-D40A-4368-8D0C-F7AD7256E6F8}"
EndProject
Project("{FAE04EC0-301F-11D3-BF4B-00C04F79EFBC}") = "TypeConversions", "TypeConversions\TypeConversions.csproj", "{5726EF51-717C-4A44-8B58-B5A538DA0CCC}"
EndProject
Project("{FAE04EC0-301F-11D3-BF4B-00C04F79EFBC}") = "HataYonetimi", "HataYonetimi\HataYonetimi.csproj", "{E4FC9555-0096-4139-A09E-DA5EE8F0A4AE}"
EndProject
Global
	GlobalSection(SolutionConfigurationPlatforms) = preSolution
		Debug|Any CPU = Debug|Any CPU
		Release|Any CPU = Release|Any CPU
	EndGlobalSection
	GlobalSection(ProjectConfigurationPlatforms) = postSolution
		{6A76A2AC-6321-423F-A246-ADABCB644CB8}.Debug|Any CPU.ActiveCfg = Debug|Any CPU
		{6A76A2AC-6321-423F-A246-ADABCB644CB8}.Debug|Any CPU.Build.0 = Debug|Any CPU
		{6A76A2AC-6321-423F-A246-ADABCB644CB8}.Release|Any CPU.ActiveCfg = Release|Any CPU
		{6A76A2AC-6321-423F-A246-ADABCB644CB8}.Release|Any CPU.Build.0 = Release|Any CPU
		{C207AEC5-D40A-4368-8D0C-F7AD7256E6F8}.Debug|Any CPU.ActiveCfg = Debug|Any CPU
		{C207AEC5-D40A-4368-8D0C-F7AD7256E6F8}.Debug|Any CPU.Build.0 = Debug|Any CPU
		{C207AEC5-D40A-4368-8D0C-F7AD7256E6F8}.Release|Any CPU.ActiveCfg = Release|Any CPU
		{C207AEC5-D40A-4368-8D0C-F7AD7256E6F8}.Release|Any CPU.Build.0 = Release|Any CPU
		{5726EF51-717C-4A44-8B58-B5A538DA0CCC}.Debug|Any CPU.ActiveCfg = Debug|Any CPU
		{5726EF51-717C-4A44-8B58-B5A538DA0CCC}.Debug|Any CPU.Build.0 = Debug|Any CPU
		{5726EF51-717C-4A44-8B58-B5A538DA0CCC}.Release|Any CPU.ActiveCfg = Release|Any CPU
		{5726EF51-717C-4A44-8B58-B5A538DA0CCC}.Release|Any CPU.Build.0 = Release|Any CPU
		{E4FC9555-0096-4139-A09E-DA5EE8F0A4AE}.Debug|Any CPU.ActiveCfg = Debug|Any CPU
		{E4FC9555-0096-4139-A09E-DA5EE8F0A4AE}.Debug|Any CPU.Build.0 = Debug|Any CPU
		{E4FC9555-0096-4139-A09E-DA5EE8F0A4AE}.Release|Any CPU.ActiveCfg = Release|Any CPU
		{E4FC9555-0096-4139-A09E-DA5EE8F0A4AE}.Release|Any CPU.Build.0 = Release|Any CPU
	EndGlobalSection
	GlobalSection(SolutionProperties) = preSolution
		HideSolutionNode = FALSE
	EndGlobalSection
	GlobalSection(ExtensibilityGlobals) = postSolution
		SolutionGuid = {59EBC51F-8FBB-4929-A684-E0DE373D9306}
	EndGlobalSection
EndGlobal
